
Microsoft Visual Studio Solution File, Format Version 12.00
# Visual Studio Version 16
VisualStudioVersion = 16.0.29905.134
MinimumVisualStudioVersion = 10.0.40219.1
Project("{FAE04EC0-301F-11D3-BF4B-00C04F79EFBC}") = "gasgun", "gasgun\gasgun.csproj", "{B27729AA-F1CC-4FFB-93DC-F2987107119F}"
EndProject
Global
	GlobalSection(SolutionConfigurationPlatforms) = preSolution
		Debug|Any CPU = Debug|Any CPU
		Release|Any CPU = Release|Any CPU
	EndGlobalSection
	GlobalSection(ProjectConfigurationPlatforms) = postSolution
		{B27729AA-F1CC-4FFB-93DC-F2987107119F}.Debug|Any CPU.ActiveCfg = Debug|Any CPU
		{B27729AA-F1CC-4FFB-93DC-F2987107119F}.Debug|Any CPU.Build.0 = Debug|Any CPU
		{B27729AA-F1CC-4FFB-93DC-F2987107119F}.Release|Any CPU.ActiveCfg = Release|Any CPU
		{B27729AA-F1CC-4FFB-93DC-F2987107119F}.Release|Any CPU.Build.0 = Release|Any CPU
	EndGlobalSection
	GlobalSection(SolutionProperties) = preSolution
		HideSolutionNode = FALSE
	EndGlobalSection
	GlobalSection(ExtensibilityGlobals) = postSolution
		SolutionGuid = {BE49F5DD-C07D-4D1C-BA5C-0FEF74246046}
	EndGlobalSection
EndGlobal
